
Microsoft Visual Studio Solution File, Format Version 12.00
# Visual Studio 15
VisualStudioVersion = 15.0.28010.2048
MinimumVisualStudioVersion = 10.0.40219.1
Project("{FAE04EC0-301F-11D3-BF4B-00C04F79EFBC}") = "bikeworld", "bikeworld\bikeworld.csproj", "{14C4BFA3-6DA1-439C-A6A5-507D4621A406}"
EndProject
Global
	GlobalSection(SolutionConfigurationPlatforms) = preSolution
		Debug|Any CPU = Debug|Any CPU
		Release|Any CPU = Release|Any CPU
	EndGlobalSection
	GlobalSection(ProjectConfigurationPlatforms) = postSolution
		{14C4BFA3-6DA1-439C-A6A5-507D4621A406}.Debug|Any CPU.ActiveCfg = Debug|Any CPU
		{14C4BFA3-6DA1-439C-A6A5-507D4621A406}.Debug|Any CPU.Build.0 = Debug|Any CPU
		{14C4BFA3-6DA1-439C-A6A5-507D4621A406}.Release|Any CPU.ActiveCfg = Release|Any CPU
		{14C4BFA3-6DA1-439C-A6A5-507D4621A406}.Release|Any CPU.Build.0 = Release|Any CPU
	EndGlobalSection
	GlobalSection(SolutionProperties) = preSolution
		HideSolutionNode = FALSE
	EndGlobalSection
	GlobalSection(ExtensibilityGlobals) = postSolution
		SolutionGuid = {EDBAF1BA-4202-4028-8840-2905049A2907}
	EndGlobalSection
EndGlobal
